
Microsoft Visual Studio Solution File, Format Version 12.00
# Visual Studio Version 17
VisualStudioVersion = 17.7.34031.279
MinimumVisualStudioVersion = 10.0.40219.1
Project("{FAE04EC0-301F-11D3-BF4B-00C04F79EFBC}") = "GradingDbApi", "GradingDbApi\GradingDbApi.csproj", "{9C040A45-4EE2-45E7-8232-5CFFAE3A2A5B}"
EndProject
Global
	GlobalSection(SolutionConfigurationPlatforms) = preSolution
		Debug|Any CPU = Debug|Any CPU
		Release|Any CPU = Release|Any CPU
	EndGlobalSection
	GlobalSection(ProjectConfigurationPlatforms) = postSolution
		{9C040A45-4EE2-45E7-8232-5CFFAE3A2A5B}.Debug|Any CPU.ActiveCfg = Debug|Any CPU
		{9C040A45-4EE2-45E7-8232-5CFFAE3A2A5B}.Debug|Any CPU.Build.0 = Debug|Any CPU
		{9C040A45-4EE2-45E7-8232-5CFFAE3A2A5B}.Release|Any CPU.ActiveCfg = Release|Any CPU
		{9C040A45-4EE2-45E7-8232-5CFFAE3A2A5B}.Release|Any CPU.Build.0 = Release|Any CPU
	EndGlobalSection
	GlobalSection(SolutionProperties) = preSolution
		HideSolutionNode = FALSE
	EndGlobalSection
	GlobalSection(ExtensibilityGlobals) = postSolution
		SolutionGuid = {3C00D903-3648-4AAB-A91D-1293C13DDFE5}
	EndGlobalSection
EndGlobal
